
Microsoft Visual Studio Solution File, Format Version 12.00
# Visual Studio Version 17
VisualStudioVersion = 17.5.002.0
MinimumVisualStudioVersion = 10.0.40219.1
Project("{9A19103F-16F7-4668-BE54-9A1E7A4F7556}") = "ApiEmpresa", "ApiEmpresa.csproj", "{75584EE6-6A97-401B-94DC-8134D3744109}"
EndProject
Global
	GlobalSection(SolutionConfigurationPlatforms) = preSolution
		Debug|Any CPU = Debug|Any CPU
		Release|Any CPU = Release|Any CPU
	EndGlobalSection
	GlobalSection(ProjectConfigurationPlatforms) = postSolution
		{75584EE6-6A97-401B-94DC-8134D3744109}.Debug|Any CPU.ActiveCfg = Debug|Any CPU
		{75584EE6-6A97-401B-94DC-8134D3744109}.Debug|Any CPU.Build.0 = Debug|Any CPU
		{75584EE6-6A97-401B-94DC-8134D3744109}.Release|Any CPU.ActiveCfg = Release|Any CPU
		{75584EE6-6A97-401B-94DC-8134D3744109}.Release|Any CPU.Build.0 = Release|Any CPU
	EndGlobalSection
	GlobalSection(SolutionProperties) = preSolution
		HideSolutionNode = FALSE
	EndGlobalSection
	GlobalSection(ExtensibilityGlobals) = postSolution
		SolutionGuid = {FE377AE2-9AE8-4446-B335-E3118217F411}
	EndGlobalSection
EndGlobal
